
Microsoft Visual Studio Solution File, Format Version 12.00
# Visual Studio Version 17
VisualStudioVersion = 17.6.33829.357
MinimumVisualStudioVersion = 10.0.40219.1
Project("{FAE04EC0-301F-11D3-BF4B-00C04F79EFBC}") = "api_voucher_system", "api_voucher_system.csproj", "{709BB651-BDE2-4839-9447-B8DE0E109CC1}"
EndProject
Global
	GlobalSection(SolutionConfigurationPlatforms) = preSolution
		Debug|Any CPU = Debug|Any CPU
		Release|Any CPU = Release|Any CPU
	EndGlobalSection
	GlobalSection(ProjectConfigurationPlatforms) = postSolution
		{709BB651-BDE2-4839-9447-B8DE0E109CC1}.Debug|Any CPU.ActiveCfg = Debug|Any CPU
		{709BB651-BDE2-4839-9447-B8DE0E109CC1}.Debug|Any CPU.Build.0 = Debug|Any CPU
		{709BB651-BDE2-4839-9447-B8DE0E109CC1}.Release|Any CPU.ActiveCfg = Release|Any CPU
		{709BB651-BDE2-4839-9447-B8DE0E109CC1}.Release|Any CPU.Build.0 = Release|Any CPU
	EndGlobalSection
	GlobalSection(SolutionProperties) = preSolution
		HideSolutionNode = FALSE
	EndGlobalSection
	GlobalSection(ExtensibilityGlobals) = postSolution
		SolutionGuid = {7EDFD349-2735-4793-917A-7BA132F3E9AA}
	EndGlobalSection
EndGlobal
