
Microsoft Visual Studio Solution File, Format Version 12.00
# Visual Studio Version 17
VisualStudioVersion = 17.4.33213.308
MinimumVisualStudioVersion = 10.0.40219.1
Project("{9A19103F-16F7-4668-BE54-9A1E7A4F7556}") = "00_CryptoWorkerService", "00_CryptoWorkerService.csproj", "{791AC561-F709-4FB9-AFCE-5A2757A3338D}"
EndProject
Global
	GlobalSection(SolutionConfigurationPlatforms) = preSolution
		Debug|Any CPU = Debug|Any CPU
		Release|Any CPU = Release|Any CPU
	EndGlobalSection
	GlobalSection(ProjectConfigurationPlatforms) = postSolution
		{791AC561-F709-4FB9-AFCE-5A2757A3338D}.Debug|Any CPU.ActiveCfg = Debug|Any CPU
		{791AC561-F709-4FB9-AFCE-5A2757A3338D}.Debug|Any CPU.Build.0 = Debug|Any CPU
		{791AC561-F709-4FB9-AFCE-5A2757A3338D}.Release|Any CPU.ActiveCfg = Release|Any CPU
		{791AC561-F709-4FB9-AFCE-5A2757A3338D}.Release|Any CPU.Build.0 = Release|Any CPU
	EndGlobalSection
	GlobalSection(SolutionProperties) = preSolution
		HideSolutionNode = FALSE
	EndGlobalSection
	GlobalSection(ExtensibilityGlobals) = postSolution
		SolutionGuid = {F0F2BC1D-0B91-41A2-8CFE-1E3BF8EE7CA6}
	EndGlobalSection
EndGlobal
